
Microsoft Visual Studio Solution File, Format Version 12.00
# Visual Studio Version 16
VisualStudioVersion = 16.0.30114.105
MinimumVisualStudioVersion = 10.0.40219.1
Project("{FAE04EC0-301F-11D3-BF4B-00C04F79EFBC}") = "database-migration", "database-migration\DatabaseMigration.csproj", "{0F3CFB81-28ED-4586-A273-CECEB12E2369}"
EndProject
Project("{2150E333-8FDC-42A3-9474-1A3956D46DE8}") = "admin", "admin", "{196BBCE9-1C1D-40E9-9644-BB4951CF5752}"
EndProject
Project("{FAE04EC0-301F-11D3-BF4B-00C04F79EFBC}") = "admin", "admin\Admin.Api\Admin.Api.csproj", "{D9363DE8-7457-4356-A28F-9BCC0EE0464B}"
EndProject
Project("{FAE04EC0-301F-11D3-BF4B-00C04F79EFBC}") = "Admin.UnitTests", "admin\Admin.UnitTests\Admin.UnitTests.csproj", "{34ED1396-C5AB-4731-A3EB-08085CA097F0}"
EndProject
Project("{FAE04EC0-301F-11D3-BF4B-00C04F79EFBC}") = "Admin.FunctionalTests", "admin\Admin.FunctionalTests\Admin.FunctionalTests.csproj", "{159C4CEC-0DF2-4C09-A113-0AEC6C1A42F4}"
EndProject
Project("{2150E333-8FDC-42A3-9474-1A3956D46DE8}") = "employee-management", "employee-management", "{CBC01743-688E-462A-8B30-BB4D950593FA}"
EndProject
Project("{FAE04EC0-301F-11D3-BF4B-00C04F79EFBC}") = "EmployeeManagement.Api", "employee-management\EmployeeManagement.Api\EmployeeManagement.Api.csproj", "{F8AF4CFE-B84B-47F7-ADFF-C33388BB5225}"
EndProject
Project("{FAE04EC0-301F-11D3-BF4B-00C04F79EFBC}") = "ApiGateway", "api-gateway\ApiGateway.csproj", "{F4DCC9B5-C191-45D2-B2BC-2E6487289E26}"
EndProject
Project("{2150E333-8FDC-42A3-9474-1A3956D46DE8}") = "building-blocks", "building-blocks", "{56B6565C-4F7B-4C8D-BFA7-3D7712DC4F0F}"
EndProject
Project("{FAE04EC0-301F-11D3-BF4B-00C04F79EFBC}") = "EventBus", "building-blocks\EventBus\EventBus.csproj", "{C79384BD-984A-403A-8431-C4CE4F0629EC}"
EndProject
Global
	GlobalSection(SolutionConfigurationPlatforms) = preSolution
		Debug|Any CPU = Debug|Any CPU
		Release|Any CPU = Release|Any CPU
	EndGlobalSection
	GlobalSection(SolutionProperties) = preSolution
		HideSolutionNode = FALSE
	EndGlobalSection
	GlobalSection(ProjectConfigurationPlatforms) = postSolution
		{0F3CFB81-28ED-4586-A273-CECEB12E2369}.Debug|Any CPU.ActiveCfg = Debug|Any CPU
		{0F3CFB81-28ED-4586-A273-CECEB12E2369}.Debug|Any CPU.Build.0 = Debug|Any CPU
		{0F3CFB81-28ED-4586-A273-CECEB12E2369}.Release|Any CPU.ActiveCfg = Release|Any CPU
		{0F3CFB81-28ED-4586-A273-CECEB12E2369}.Release|Any CPU.Build.0 = Release|Any CPU
		{D9363DE8-7457-4356-A28F-9BCC0EE0464B}.Debug|Any CPU.ActiveCfg = Debug|Any CPU
		{D9363DE8-7457-4356-A28F-9BCC0EE0464B}.Debug|Any CPU.Build.0 = Debug|Any CPU
		{D9363DE8-7457-4356-A28F-9BCC0EE0464B}.Release|Any CPU.ActiveCfg = Release|Any CPU
		{D9363DE8-7457-4356-A28F-9BCC0EE0464B}.Release|Any CPU.Build.0 = Release|Any CPU
		{34ED1396-C5AB-4731-A3EB-08085CA097F0}.Debug|Any CPU.ActiveCfg = Debug|Any CPU
		{34ED1396-C5AB-4731-A3EB-08085CA097F0}.Debug|Any CPU.Build.0 = Debug|Any CPU
		{34ED1396-C5AB-4731-A3EB-08085CA097F0}.Release|Any CPU.ActiveCfg = Release|Any CPU
		{34ED1396-C5AB-4731-A3EB-08085CA097F0}.Release|Any CPU.Build.0 = Release|Any CPU
		{159C4CEC-0DF2-4C09-A113-0AEC6C1A42F4}.Debug|Any CPU.ActiveCfg = Debug|Any CPU
		{159C4CEC-0DF2-4C09-A113-0AEC6C1A42F4}.Debug|Any CPU.Build.0 = Debug|Any CPU
		{159C4CEC-0DF2-4C09-A113-0AEC6C1A42F4}.Release|Any CPU.ActiveCfg = Release|Any CPU
		{159C4CEC-0DF2-4C09-A113-0AEC6C1A42F4}.Release|Any CPU.Build.0 = Release|Any CPU
		{F8AF4CFE-B84B-47F7-ADFF-C33388BB5225}.Debug|Any CPU.ActiveCfg = Debug|Any CPU
		{F8AF4CFE-B84B-47F7-ADFF-C33388BB5225}.Debug|Any CPU.Build.0 = Debug|Any CPU
		{F8AF4CFE-B84B-47F7-ADFF-C33388BB5225}.Release|Any CPU.ActiveCfg = Release|Any CPU
		{F8AF4CFE-B84B-47F7-ADFF-C33388BB5225}.Release|Any CPU.Build.0 = Release|Any CPU
		{F4DCC9B5-C191-45D2-B2BC-2E6487289E26}.Debug|Any CPU.ActiveCfg = Debug|Any CPU
		{F4DCC9B5-C191-45D2-B2BC-2E6487289E26}.Debug|Any CPU.Build.0 = Debug|Any CPU
		{F4DCC9B5-C191-45D2-B2BC-2E6487289E26}.Release|Any CPU.ActiveCfg = Release|Any CPU
		{F4DCC9B5-C191-45D2-B2BC-2E6487289E26}.Release|Any CPU.Build.0 = Release|Any CPU
		{C79384BD-984A-403A-8431-C4CE4F0629EC}.Debug|Any CPU.ActiveCfg = Debug|Any CPU
		{C79384BD-984A-403A-8431-C4CE4F0629EC}.Debug|Any CPU.Build.0 = Debug|Any CPU
		{C79384BD-984A-403A-8431-C4CE4F0629EC}.Release|Any CPU.ActiveCfg = Release|Any CPU
		{C79384BD-984A-403A-8431-C4CE4F0629EC}.Release|Any CPU.Build.0 = Release|Any CPU
	EndGlobalSection
	GlobalSection(NestedProjects) = preSolution
		{D9363DE8-7457-4356-A28F-9BCC0EE0464B} = {196BBCE9-1C1D-40E9-9644-BB4951CF5752}
		{34ED1396-C5AB-4731-A3EB-08085CA097F0} = {196BBCE9-1C1D-40E9-9644-BB4951CF5752}
		{159C4CEC-0DF2-4C09-A113-0AEC6C1A42F4} = {196BBCE9-1C1D-40E9-9644-BB4951CF5752}
		{F8AF4CFE-B84B-47F7-ADFF-C33388BB5225} = {CBC01743-688E-462A-8B30-BB4D950593FA}
		{C79384BD-984A-403A-8431-C4CE4F0629EC} = {56B6565C-4F7B-4C8D-BFA7-3D7712DC4F0F}
	EndGlobalSection
EndGlobal
